
Microsoft Visual Studio Solution File, Format Version 12.00
# Visual Studio Version 16
VisualStudioVersion = 16.0.30907.101
MinimumVisualStudioVersion = 10.0.40219.1
Project("{9A19103F-16F7-4668-BE54-9A1E7A4F7556}") = "CursoMVC", "CursoMVC.csproj", "{187AFFB2-0403-45C0-9AC3-026506DC6EA0}"
EndProject
Project("{FAE04EC0-301F-11D3-BF4B-00C04F79EFBC}") = "CursoAPI", "..\CursoAPI\CursoAPI.csproj", "{5EFF257E-2FF2-47D1-9F2B-006B3B09AB9B}"
EndProject
Project("{FAE04EC0-301F-11D3-BF4B-00C04F79EFBC}") = "CursoTesteXUnit", "..\CursoTesteXUnit\CursoTesteXUnit.csproj", "{1CB0100C-5904-4ADB-AA88-C6E27A6B76E8}"
EndProject
Global
	GlobalSection(SolutionConfigurationPlatforms) = preSolution
		Debug|Any CPU = Debug|Any CPU
		Release|Any CPU = Release|Any CPU
	EndGlobalSection
	GlobalSection(ProjectConfigurationPlatforms) = postSolution
		{187AFFB2-0403-45C0-9AC3-026506DC6EA0}.Debug|Any CPU.ActiveCfg = Debug|Any CPU
		{187AFFB2-0403-45C0-9AC3-026506DC6EA0}.Debug|Any CPU.Build.0 = Debug|Any CPU
		{187AFFB2-0403-45C0-9AC3-026506DC6EA0}.Release|Any CPU.ActiveCfg = Release|Any CPU
		{187AFFB2-0403-45C0-9AC3-026506DC6EA0}.Release|Any CPU.Build.0 = Release|Any CPU
		{5EFF257E-2FF2-47D1-9F2B-006B3B09AB9B}.Debug|Any CPU.ActiveCfg = Debug|Any CPU
		{5EFF257E-2FF2-47D1-9F2B-006B3B09AB9B}.Debug|Any CPU.Build.0 = Debug|Any CPU
		{5EFF257E-2FF2-47D1-9F2B-006B3B09AB9B}.Release|Any CPU.ActiveCfg = Release|Any CPU
		{5EFF257E-2FF2-47D1-9F2B-006B3B09AB9B}.Release|Any CPU.Build.0 = Release|Any CPU
		{1CB0100C-5904-4ADB-AA88-C6E27A6B76E8}.Debug|Any CPU.ActiveCfg = Debug|Any CPU
		{1CB0100C-5904-4ADB-AA88-C6E27A6B76E8}.Debug|Any CPU.Build.0 = Debug|Any CPU
		{1CB0100C-5904-4ADB-AA88-C6E27A6B76E8}.Release|Any CPU.ActiveCfg = Release|Any CPU
		{1CB0100C-5904-4ADB-AA88-C6E27A6B76E8}.Release|Any CPU.Build.0 = Release|Any CPU
	EndGlobalSection
	GlobalSection(SolutionProperties) = preSolution
		HideSolutionNode = FALSE
	EndGlobalSection
	GlobalSection(ExtensibilityGlobals) = postSolution
		SolutionGuid = {A128C2D1-7484-4349-AA6D-25D8C3002C2A}
	EndGlobalSection
EndGlobal
